
Microsoft Visual Studio Solution File, Format Version 12.00
# Visual Studio Version 17
VisualStudioVersion = 17.11.35327.3
MinimumVisualStudioVersion = 10.0.40219.1
Project("{FAE04EC0-301F-11D3-BF4B-00C04F79EFBC}") = "Calculator", "Calculator.csproj", "{67C73B13-05CB-4C2C-AD40-7D04B5DDD855}"
EndProject
Global
	GlobalSection(SolutionConfigurationPlatforms) = preSolution
		Debug|Any CPU = Debug|Any CPU
		Release|Any CPU = Release|Any CPU
	EndGlobalSection
	GlobalSection(ProjectConfigurationPlatforms) = postSolution
		{67C73B13-05CB-4C2C-AD40-7D04B5DDD855}.Debug|Any CPU.ActiveCfg = Debug|Any CPU
		{67C73B13-05CB-4C2C-AD40-7D04B5DDD855}.Debug|Any CPU.Build.0 = Debug|Any CPU
		{67C73B13-05CB-4C2C-AD40-7D04B5DDD855}.Release|Any CPU.ActiveCfg = Release|Any CPU
		{67C73B13-05CB-4C2C-AD40-7D04B5DDD855}.Release|Any CPU.Build.0 = Release|Any CPU
	EndGlobalSection
	GlobalSection(SolutionProperties) = preSolution
		HideSolutionNode = FALSE
	EndGlobalSection
	GlobalSection(ExtensibilityGlobals) = postSolution
		SolutionGuid = {424FE44C-D0C4-45BB-9D54-F70C788CDC44}
	EndGlobalSection
EndGlobal
